// !$*UTF8*$!
{
	archiveVersion = 1;
	classes = {
	};
	objectVersion = 46;
	objects = {

/* Begin PBXBuildFile section */
		58122DC2147862BE00497EC9 /* UIKit.framework in Frameworks */ = {isa = PBXBuildFile; fileRef = 58122DC1147862BE00497EC9 /* UIKit.framework */; };
		58122DC4147862BE00497EC9 /* Foundation.framework in Frameworks */ = {isa = PBXBuildFile; fileRef = 58122DC3147862BE00497EC9 /* Foundation.framework */; };
		58122DC6147862BE00497EC9 /* CoreGraphics.framework in Frameworks */ = {isa = PBXBuildFile; fileRef = 58122DC5147862BE00497EC9 /* CoreGraphics.framework */; };
		58122DCC147862BE00497EC9 /* InfoPlist.strings in Resources */ = {isa = PBXBuildFile; fileRef = 58122DCA147862BE00497EC9 /* InfoPlist.strings */; };
		58122DCE147862BE00497EC9 /* main.m in Sources */ = {isa = PBXBuildFile; fileRef = 58122DCD147862BE00497EC9 /* main.m */; };
		58122DD2147862BE00497EC9 /* AppDelegate.m in Sources */ = {isa = PBXBuildFile; fileRef = 58122DD1147862BE00497EC9 /* AppDelegate.m */; };
		58122DD5147862BE00497EC9 /* ViewController.m in Sources */ = {isa = PBXBuildFile; fileRef = 58122DD4147862BE00497EC9 /* ViewController.m */; };
		58122DD8147862BE00497EC9 /* ViewController.xib in Resources */ = {isa = PBXBuildFile; fileRef = 58122DD6147862BE00497EC9 /* ViewController.xib */; };
		58122DE0147862BE00497EC9 /* SenTestingKit.framework in Frameworks */ = {isa = PBXBuildFile; fileRef = 58122DDF147862BE00497EC9 /* SenTestingKit.framework */; };
		58122DE1147862BE00497EC9 /* UIKit.framework in Frameworks */ = {isa = PBXBuildFile; fileRef = 58122DC1147862BE00497EC9 /* UIKit.framework */; };
		58122DE2147862BE00497EC9 /* Foundation.framework in Frameworks */ = {isa = PBXBuildFile; fileRef = 58122DC3147862BE00497EC9 /* Foundation.framework */; };
		58122DEA147862BF00497EC9 /* InfoPlist.strings in Resources */ = {isa = PBXBuildFile; fileRef = 58122DE8147862BF00497EC9 /* InfoPlist.strings */; };
		58122DED147862BF00497EC9 /* iphoneTests.m in Sources */ = {isa = PBXBuildFile; fileRef = 58122DEC147862BF00497EC9 /* iphoneTests.m */; };
		58122E131478632F00497EC9 /* ReaderOverlayView.m in Sources */ = {isa = PBXBuildFile; fileRef = 58122DFB1478632F00497EC9 /* ReaderOverlayView.m */; };
		58122E171478633A00497EC9 /* WebViewController.m in Sources */ = {isa = PBXBuildFile; fileRef = 58122E151478633A00497EC9 /* WebViewController.m */; };
		58122E191478645A00497EC9 /* libiconv.dylib in Frameworks */ = {isa = PBXBuildFile; fileRef = 58122E181478645A00497EC9 /* libiconv.dylib */; };
		58122E1B1478646500497EC9 /* AudioToolbox.framework in Frameworks */ = {isa = PBXBuildFile; fileRef = 58122E1A1478646500497EC9 /* AudioToolbox.framework */; };
		58122E281478649B00497EC9 /* CoreAudio.framework in Frameworks */ = {isa = PBXBuildFile; fileRef = 58122E1C1478649B00497EC9 /* CoreAudio.framework */; };
		58122E291478649B00497EC9 /* CoreBluetooth.framework in Frameworks */ = {isa = PBXBuildFile; fileRef = 58122E1D1478649B00497EC9 /* CoreBluetooth.framework */; };
		58122E2A1478649B00497EC9 /* CoreData.framework in Frameworks */ = {isa = PBXBuildFile; fileRef = 58122E1E1478649B00497EC9 /* CoreData.framework */; };
		58122E2B1478649B00497EC9 /* CoreFoundation.framework in Frameworks */ = {isa = PBXBuildFile; fileRef = 58122E1F1478649B00497EC9 /* CoreFoundation.framework */; };
		58122E2C1478649B00497EC9 /* CoreImage.framework in Frameworks */ = {isa = PBXBuildFile; fileRef = 58122E201478649B00497EC9 /* CoreImage.framework */; };
		58122E2D1478649B00497EC9 /* CoreLocation.framework in Frameworks */ = {isa = PBXBuildFile; fileRef = 58122E211478649B00497EC9 /* CoreLocation.framework */; };
		58122E2E1478649B00497EC9 /* CoreMedia.framework in Frameworks */ = {isa = PBXBuildFile; fileRef = 58122E221478649B00497EC9 /* CoreMedia.framework */; };
		58122E2F1478649B00497EC9 /* CoreMIDI.framework in Frameworks */ = {isa = PBXBuildFile; fileRef = 58122E231478649B00497EC9 /* CoreMIDI.framework */; };
		58122E301478649B00497EC9 /* CoreMotion.framework in Frameworks */ = {isa = PBXBuildFile; fileRef = 58122E241478649B00497EC9 /* CoreMotion.framework */; };
		58122E311478649B00497EC9 /* CoreTelephony.framework in Frameworks */ = {isa = PBXBuildFile; fileRef = 58122E251478649B00497EC9 /* CoreTelephony.framework */; };
		58122E321478649B00497EC9 /* CoreText.framework in Frameworks */ = {isa = PBXBuildFile; fileRef = 58122E261478649B00497EC9 /* CoreText.framework */; };
		58122E331478649B00497EC9 /* CoreVideo.framework in Frameworks */ = {isa = PBXBuildFile; fileRef = 58122E271478649B00497EC9 /* CoreVideo.framework */; };
		58122E35147864B400497EC9 /* AVFoundation.framework in Frameworks */ = {isa = PBXBuildFile; fileRef = 58122E34147864B400497EC9 /* AVFoundation.framework */; };
		58122E38147864F000497EC9 /* libiconv.2.4.0.dylib in Frameworks */ = {isa = PBXBuildFile; fileRef = 58122E36147864F000497EC9 /* libiconv.2.4.0.dylib */; };
		58122E39147864F000497EC9 /* libiconv.2.dylib in Frameworks */ = {isa = PBXBuildFile; fileRef = 58122E37147864F000497EC9 /* libiconv.2.dylib */; };
		58122E3B1478650200497EC9 /* MediaPlayer.framework in Frameworks */ = {isa = PBXBuildFile; fileRef = 58122E3A1478650200497EC9 /* MediaPlayer.framework */; };
		58122E3D1478654D00497EC9 /* SystemConfiguration.framework in Frameworks */ = {isa = PBXBuildFile; fileRef = 58122E3C1478654D00497EC9 /* SystemConfiguration.framework */; };
		58122E3F1478656E00497EC9 /* libzbar.a in Frameworks */ = {isa = PBXBuildFile; fileRef = 58122E3E1478656E00497EC9 /* libzbar.a */; };
		58122E41147865FA00497EC9 /* QuartzCore.framework in Frameworks */ = {isa = PBXBuildFile; fileRef = 58122E40147865FA00497EC9 /* QuartzCore.framework */; };
		58A1BDC9147975C20030CC42 /* index.html in Resources */ = {isa = PBXBuildFile; fileRef = 58A1BDC5147975C20030CC42 /* index.html */; };
		58A1BDCB147975C20030CC42 /* qutie.css in Resources */ = {isa = PBXBuildFile; fileRef = 58A1BDC7147975C20030CC42 /* qutie.css */; };
		58A1BDDE147975DA0030CC42 /* MenuButton.png in Resources */ = {isa = PBXBuildFile; fileRef = 58A1BDCD147975DA0030CC42 /* MenuButton.png */; };
		58A1BDDF147975DA0030CC42 /* EatBar.png in Resources */ = {isa = PBXBuildFile; fileRef = 58A1BDCE147975DA0030CC42 /* EatBar.png */; };
		58A1BDE0147975DA0030CC42 /* Flying2.png in Resources */ = {isa = PBXBuildFile; fileRef = 58A1BDCF147975DA0030CC42 /* Flying2.png */; };
		58A1BDE1147975DA0030CC42 /* Flying1.png in Resources */ = {isa = PBXBuildFile; fileRef = 58A1BDD0147975DA0030CC42 /* Flying1.png */; };
		58A1BDE2147975DA0030CC42 /* Eat2.png in Resources */ = {isa = PBXBuildFile; fileRef = 58A1BDD1147975DA0030CC42 /* Eat2.png */; };
		58A1BDE3147975DA0030CC42 /* Eat1.png in Resources */ = {isa = PBXBuildFile; fileRef = 58A1BDD2147975DA0030CC42 /* Eat1.png */; };
		58A1BDE4147975DA0030CC42 /* Chew2.png in Resources */ = {isa = PBXBuildFile; fileRef = 58A1BDD3147975DA0030CC42 /* Chew2.png */; };
		58A1BDE5147975DA0030CC42 /* Chew1.png in Resources */ = {isa = PBXBuildFile; fileRef = 58A1BDD4147975DA0030CC42 /* Chew1.png */; };
		58A1BDE6147975DA0030CC42 /* Qutie-States_0004_Spooked.png in Resources */ = {isa = PBXBuildFile; fileRef = 58A1BDD5147975DA0030CC42 /* Qutie-States_0004_Spooked.png */; };
		58A1BDE7147975DA0030CC42 /* Qutie-States_0003_Winking.png in Resources */ = {isa = PBXBuildFile; fileRef = 58A1BDD6147975DA0030CC42 /* Qutie-States_0003_Winking.png */; };
		58A1BDE8147975DA0030CC42 /* Qutie-States_0002_Happy.png in Resources */ = {isa = PBXBuildFile; fileRef = 58A1BDD7147975DA0030CC42 /* Qutie-States_0002_Happy.png */; };
		58A1BDE9147975DA0030CC42 /* Qutie-States_0001_Eating.png in Resources */ = {isa = PBXBuildFile; fileRef = 58A1BDD8147975DA0030CC42 /* Qutie-States_0001_Eating.png */; };
		58A1BDEA147975DA0030CC42 /* Qutie-States_0000_Crying.png in Resources */ = {isa = PBXBuildFile; fileRef = 58A1BDD9147975DA0030CC42 /* Qutie-States_0000_Crying.png */; };
		58A1BDEB147975DA0030CC42 /* QutieEyesOpen.png in Resources */ = {isa = PBXBuildFile; fileRef = 58A1BDDA147975DA0030CC42 /* QutieEyesOpen.png */; };
		58A1BDEC147975DA0030CC42 /* QutieEyesClosed.png in Resources */ = {isa = PBXBuildFile; fileRef = 58A1BDDB147975DA0030CC42 /* QutieEyesClosed.png */; };
		58A1BDEE147975DA0030CC42 /* Header.png in Resources */ = {isa = PBXBuildFile; fileRef = 58A1BDDD147975DA0030CC42 /* Header.png */; };
		58A1BDF0147978EF0030CC42 /* Happy_8bit.png in Resources */ = {isa = PBXBuildFile; fileRef = 58A1BDEF147978EF0030CC42 /* Happy_8bit.png */; };
		58A1BDF414797CB80030CC42 /* openMouth.png in Resources */ = {isa = PBXBuildFile; fileRef = 58A1BDF314797CB80030CC42 /* openMouth.png */; };
		58A1BDF614797CF40030CC42 /* tinylogo.png in Resources */ = {isa = PBXBuildFile; fileRef = 58A1BDF514797CF40030CC42 /* tinylogo.png */; };
		58A1BDFA14797D900030CC42 /* default.png in Resources */ = {isa = PBXBuildFile; fileRef = 58A1BDF914797D900030CC42 /* default.png */; };
		58A1BDFC14797E710030CC42 /* mediumlogo.png in Resources */ = {isa = PBXBuildFile; fileRef = 58A1BDFB14797E710030CC42 /* mediumlogo.png */; };
		58A1BDFE14797EA80030CC42 /* Default@2x.png in Resources */ = {isa = PBXBuildFile; fileRef = 58A1BDFD14797EA80030CC42 /* Default@2x.png */; };
		58A1BE00147980C60030CC42 /* index_spooky.html in Resources */ = {isa = PBXBuildFile; fileRef = 58A1BDFF147980C50030CC42 /* index_spooky.html */; };
		58A1BE0B147989590030CC42 /* index_winking.html in Resources */ = {isa = PBXBuildFile; fileRef = 58A1BE01147989550030CC42 /* index_winking.html */; };
		58A1BE0C147989590030CC42 /* index_happy2.html in Resources */ = {isa = PBXBuildFile; fileRef = 58A1BE02147989560030CC42 /* index_happy2.html */; };
		58A1BE0D147989590030CC42 /* index_happy1.html in Resources */ = {isa = PBXBuildFile; fileRef = 58A1BE03147989560030CC42 /* index_happy1.html */; };
		58A1BE0E147989590030CC42 /* index_flying2.html in Resources */ = {isa = PBXBuildFile; fileRef = 58A1BE04147989570030CC42 /* index_flying2.html */; };
		58A1BE0F147989590030CC42 /* index_flying1.html in Resources */ = {isa = PBXBuildFile; fileRef = 58A1BE05147989570030CC42 /* index_flying1.html */; };
		58A1BE10147989590030CC42 /* index_eating2.html in Resources */ = {isa = PBXBuildFile; fileRef = 58A1BE06147989570030CC42 /* index_eating2.html */; };
		58A1BE11147989590030CC42 /* index_eating1.html in Resources */ = {isa = PBXBuildFile; fileRef = 58A1BE07147989580030CC42 /* index_eating1.html */; };
		58A1BE12147989590030CC42 /* index_crying.html in Resources */ = {isa = PBXBuildFile; fileRef = 58A1BE08147989580030CC42 /* index_crying.html */; };
		58A1BE13147989590030CC42 /* index_chew2.html in Resources */ = {isa = PBXBuildFile; fileRef = 58A1BE09147989580030CC42 /* index_chew2.html */; };
		58A1BE14147989590030CC42 /* index_chew1.html in Resources */ = {isa = PBXBuildFile; fileRef = 58A1BE0A147989580030CC42 /* index_chew1.html */; };
		58CB815D1478D0820063564B /* crunching.wav in Resources */ = {isa = PBXBuildFile; fileRef = 58CB81571478D0820063564B /* crunching.wav */; };
		58CB815E1478D0820063564B /* snoring.wav in Resources */ = {isa = PBXBuildFile; fileRef = 58CB81581478D0820063564B /* snoring.wav */; };
		58CB815F1478D0820063564B /* spring.wav in Resources */ = {isa = PBXBuildFile; fileRef = 58CB81591478D0820063564B /* spring.wav */; };
		58CB81601478D0820063564B /* dance.wav in Resources */ = {isa = PBXBuildFile; fileRef = 58CB815A1478D0820063564B /* dance.wav */; };
		58CB81611478D0820063564B /* egg-cracking.wav in Resources */ = {isa = PBXBuildFile; fileRef = 58CB815B1478D0820063564B /* egg-cracking.wav */; };
		58CB81621478D0820063564B /* scan.wav in Resources */ = {isa = PBXBuildFile; fileRef = 58CB815C1478D0820063564B /* scan.wav */; };
		58D33BB71478BC5E0056D07A /* WebViewController.xib in Resources */ = {isa = PBXBuildFile; fileRef = 58D33BB61478BC5E0056D07A /* WebViewController.xib */; };
/* End PBXBuildFile section */

/* Begin PBXContainerItemProxy section */
		58122DE3147862BF00497EC9 /* PBXContainerItemProxy */ = {
			isa = PBXContainerItemProxy;
			containerPortal = 58122DB4147862BE00497EC9 /* Project object */;
			proxyType = 1;
			remoteGlobalIDString = 58122DBC147862BE00497EC9;
			remoteInfo = iphone;
		};
/* End PBXContainerItemProxy section */

/* Begin PBXFileReference section */
		58122DBD147862BE00497EC9 /* iphone.app */ = {isa = PBXFileReference; explicitFileType = wrapper.application; includeInIndex = 0; path = iphone.app; sourceTree = BUILT_PRODUCTS_DIR; };
		58122DC1147862BE00497EC9 /* UIKit.framework */ = {isa = PBXFileReference; lastKnownFileType = wrapper.framework; name = UIKit.framework; path = System/Library/Frameworks/UIKit.framework; sourceTree = SDKROOT; };
		58122DC3147862BE00497EC9 /* Foundation.framework */ = {isa = PBXFileReference; lastKnownFileType = wrapper.framework; name = Foundation.framework; path = System/Library/Frameworks/Foundation.framework; sourceTree = SDKROOT; };
		58122DC5147862BE00497EC9 /* CoreGraphics.framework */ = {isa = PBXFileReference; lastKnownFileType = wrapper.framework; name = CoreGraphics.framework; path = System/Library/Frameworks/CoreGraphics.framework; sourceTree = SDKROOT; };
		58122DC9147862BE00497EC9 /* iphone-Info.plist */ = {isa = PBXFileReference; lastKnownFileType = text.plist.xml; path = "iphone-Info.plist"; sourceTree = "<group>"; };
		58122DCB147862BE00497EC9 /* en */ = {isa = PBXFileReference; lastKnownFileType = text.plist.strings; name = en; path = en.lproj/InfoPlist.strings; sourceTree = "<group>"; };
		58122DCD147862BE00497EC9 /* main.m */ = {isa = PBXFileReference; lastKnownFileType = sourcecode.c.objc; path = main.m; sourceTree = "<group>"; };
		58122DCF147862BE00497EC9 /* iphone-Prefix.pch */ = {isa = PBXFileReference; lastKnownFileType = sourcecode.c.h; path = "iphone-Prefix.pch"; sourceTree = "<group>"; };
		58122DD0147862BE00497EC9 /* AppDelegate.h */ = {isa = PBXFileReference; lastKnownFileType = sourcecode.c.h; path = AppDelegate.h; sourceTree = "<group>"; };
		58122DD1147862BE00497EC9 /* AppDelegate.m */ = {isa = PBXFileReference; lastKnownFileType = sourcecode.c.objc; path = AppDelegate.m; sourceTree = "<group>"; };
		58122DD3147862BE00497EC9 /* ViewController.h */ = {isa = PBXFileReference; lastKnownFileType = sourcecode.c.h; path = ViewController.h; sourceTree = "<group>"; };
		58122DD4147862BE00497EC9 /* ViewController.m */ = {isa = PBXFileReference; lastKnownFileType = sourcecode.c.objc; path = ViewController.m; sourceTree = "<group>"; };
		58122DD7147862BE00497EC9 /* en */ = {isa = PBXFileReference; lastKnownFileType = file.xib; name = en; path = en.lproj/ViewController.xib; sourceTree = "<group>"; };
		58122DDE147862BE00497EC9 /* iphoneTests.octest */ = {isa = PBXFileReference; explicitFileType = wrapper.cfbundle; includeInIndex = 0; path = iphoneTests.octest; sourceTree = BUILT_PRODUCTS_DIR; };
		58122DDF147862BE00497EC9 /* SenTestingKit.framework */ = {isa = PBXFileReference; lastKnownFileType = wrapper.framework; name = SenTestingKit.framework; path = Library/Frameworks/SenTestingKit.framework; sourceTree = DEVELOPER_DIR; };
		58122DE7147862BF00497EC9 /* iphoneTests-Info.plist */ = {isa = PBXFileReference; lastKnownFileType = text.plist.xml; path = "iphoneTests-Info.plist"; sourceTree = "<group>"; };
		58122DE9147862BF00497EC9 /* en */ = {isa = PBXFileReference; lastKnownFileType = text.plist.strings; name = en; path = en.lproj/InfoPlist.strings; sourceTree = "<group>"; };
		58122DEB147862BF00497EC9 /* iphoneTests.h */ = {isa = PBXFileReference; lastKnownFileType = sourcecode.c.h; path = iphoneTests.h; sourceTree = "<group>"; };
		58122DEC147862BF00497EC9 /* iphoneTests.m */ = {isa = PBXFileReference; lastKnownFileType = sourcecode.c.objc; path = iphoneTests.m; sourceTree = "<group>"; };
		58122DF91478632F00497EC9 /* libzbar.a */ = {isa = PBXFileReference; lastKnownFileType = archive.ar; path = libzbar.a; sourceTree = "<group>"; };
		58122DFA1478632F00497EC9 /* ReaderOverlayView.h */ = {isa = PBXFileReference; fileEncoding = 4; lastKnownFileType = sourcecode.c.h; path = ReaderOverlayView.h; sourceTree = "<group>"; };
		58122DFB1478632F00497EC9 /* ReaderOverlayView.m */ = {isa = PBXFileReference; fileEncoding = 4; lastKnownFileType = sourcecode.c.objc; path = ReaderOverlayView.m; sourceTree = "<group>"; };
		58122DFD1478632F00497EC9 /* Decoder.h */ = {isa = PBXFileReference; fileEncoding = 4; lastKnownFileType = sourcecode.c.h; path = Decoder.h; sourceTree = "<group>"; };
		58122DFE1478632F00497EC9 /* Exception.h */ = {isa = PBXFileReference; fileEncoding = 4; lastKnownFileType = sourcecode.c.h; path = Exception.h; sourceTree = "<group>"; };
		58122DFF1478632F00497EC9 /* Image.h */ = {isa = PBXFileReference; fileEncoding = 4; lastKnownFileType = sourcecode.c.h; path = Image.h; sourceTree = "<group>"; };
		58122E001478632F00497EC9 /* ImageScanner.h */ = {isa = PBXFileReference; fileEncoding = 4; lastKnownFileType = sourcecode.c.h; path = ImageScanner.h; sourceTree = "<group>"; };
		58122E011478632F00497EC9 /* Processor.h */ = {isa = PBXFileReference; fileEncoding = 4; lastKnownFileType = sourcecode.c.h; path = Processor.h; sourceTree = "<group>"; };
		58122E021478632F00497EC9 /* Scanner.h */ = {isa = PBXFileReference; fileEncoding = 4; lastKnownFileType = sourcecode.c.h; path = Scanner.h; sourceTree = "<group>"; };
		58122E031478632F00497EC9 /* Symbol.h */ = {isa = PBXFileReference; fileEncoding = 4; lastKnownFileType = sourcecode.c.h; path = Symbol.h; sourceTree = "<group>"; };
		58122E041478632F00497EC9 /* Window.h */ = {isa = PBXFileReference; fileEncoding = 4; lastKnownFileType = sourcecode.c.h; path = Window.h; sourceTree = "<group>"; };
		58122E051478632F00497EC9 /* ZbarVideo.h */ = {isa = PBXFileReference; fileEncoding = 4; lastKnownFileType = sourcecode.c.h; path = ZbarVideo.h; sourceTree = "<group>"; };
		58122E061478632F00497EC9 /* zbar.h */ = {isa = PBXFileReference; fileEncoding = 4; lastKnownFileType = sourcecode.c.h; path = zbar.h; sourceTree = "<group>"; };
		58122E071478632F00497EC9 /* ZBarCaptureReader.h */ = {isa = PBXFileReference; fileEncoding = 4; lastKnownFileType = sourcecode.c.h; path = ZBarCaptureReader.h; sourceTree = "<group>"; };
		58122E081478632F00497EC9 /* ZBarHelpController.h */ = {isa = PBXFileReference; fileEncoding = 4; lastKnownFileType = sourcecode.c.h; path = ZBarHelpController.h; sourceTree = "<group>"; };
		58122E091478632F00497EC9 /* ZBarImage.h */ = {isa = PBXFileReference; fileEncoding = 4; lastKnownFileType = sourcecode.c.h; path = ZBarImage.h; sourceTree = "<group>"; };
		58122E0A1478632F00497EC9 /* ZBarImageScanner.h */ = {isa = PBXFileReference; fileEncoding = 4; lastKnownFileType = sourcecode.c.h; path = ZBarImageScanner.h; sourceTree = "<group>"; };
		58122E0B1478632F00497EC9 /* ZBarReaderController.h */ = {isa = PBXFileReference; fileEncoding = 4; lastKnownFileType = sourcecode.c.h; path = ZBarReaderController.h; sourceTree = "<group>"; };
		58122E0C1478632F00497EC9 /* ZBarReaderView.h */ = {isa = PBXFileReference; fileEncoding = 4; lastKnownFileType = sourcecode.c.h; path = ZBarReaderView.h; sourceTree = "<group>"; };
		58122E0D1478632F00497EC9 /* ZBarReaderViewController.h */ = {isa = PBXFileReference; fileEncoding = 4; lastKnownFileType = sourcecode.c.h; path = ZBarReaderViewController.h; sourceTree = "<group>"; };
		58122E0E1478632F00497EC9 /* ZBarSDK.h */ = {isa = PBXFileReference; fileEncoding = 4; lastKnownFileType = sourcecode.c.h; path = ZBarSDK.h; sourceTree = "<group>"; };
		58122E0F1478632F00497EC9 /* ZBarSymbol.h */ = {isa = PBXFileReference; fileEncoding = 4; lastKnownFileType = sourcecode.c.h; path = ZBarSymbol.h; sourceTree = "<group>"; };
		58122E101478632F00497EC9 /* libzbar.a */ = {isa = PBXFileReference; lastKnownFileType = archive.ar; path = libzbar.a; sourceTree = "<group>"; };
		58122E151478633A00497EC9 /* WebViewController.m */ = {isa = PBXFileReference; fileEncoding = 4; lastKnownFileType = sourcecode.c.objc; path = WebViewController.m; sourceTree = "<group>"; };
		58122E161478633A00497EC9 /* WebViewController.h */ = {isa = PBXFileReference; fileEncoding = 4; lastKnownFileType = sourcecode.c.h; path = WebViewController.h; sourceTree = "<group>"; };
		58122E181478645A00497EC9 /* libiconv.dylib */ = {isa = PBXFileReference; lastKnownFileType = "compiled.mach-o.dylib"; name = libiconv.dylib; path = usr/lib/libiconv.dylib; sourceTree = SDKROOT; };
		58122E1A1478646500497EC9 /* AudioToolbox.framework */ = {isa = PBXFileReference; lastKnownFileType = wrapper.framework; name = AudioToolbox.framework; path = System/Library/Frameworks/AudioToolbox.framework; sourceTree = SDKROOT; };
		58122E1C1478649B00497EC9 /* CoreAudio.framework */ = {isa = PBXFileReference; lastKnownFileType = wrapper.framework; name = CoreAudio.framework; path = System/Library/Frameworks/CoreAudio.framework; sourceTree = SDKROOT; };
		58122E1D1478649B00497EC9 /* CoreBluetooth.framework */ = {isa = PBXFileReference; lastKnownFileType = wrapper.framework; name = CoreBluetooth.framework; path = System/Library/Frameworks/CoreBluetooth.framework; sourceTree = SDKROOT; };
		58122E1E1478649B00497EC9 /* CoreData.framework */ = {isa = PBXFileReference; lastKnownFileType = wrapper.framework; name = CoreData.framework; path = System/Library/Frameworks/CoreData.framework; sourceTree = SDKROOT; };
		58122E1F1478649B00497EC9 /* CoreFoundation.framework */ = {isa = PBXFileReference; lastKnownFileType = wrapper.framework; name = CoreFoundation.framework; path = System/Library/Frameworks/CoreFoundation.framework; sourceTree = SDKROOT; };
		58122E201478649B00497EC9 /* CoreImage.framework */ = {isa = PBXFileReference; lastKnownFileType = wrapper.framework; name = CoreImage.framework; path = System/Library/Frameworks/CoreImage.framework; sourceTree = SDKROOT; };
		58122E211478649B00497EC9 /* CoreLocation.framework */ = {isa = PBXFileReference; lastKnownFileType = wrapper.framework; name = CoreLocation.framework; path = System/Library/Frameworks/CoreLocation.framework; sourceTree = SDKROOT; };
		58122E221478649B00497EC9 /* CoreMedia.framework */ = {isa = PBXFileReference; lastKnownFileType = wrapper.framework; name = CoreMedia.framework; path = System/Library/Frameworks/CoreMedia.framework; sourceTree = SDKROOT; };
		58122E231478649B00497EC9 /* CoreMIDI.framework */ = {isa = PBXFileReference; lastKnownFileType = wrapper.framework; name = CoreMIDI.framework; path = System/Library/Frameworks/CoreMIDI.framework; sourceTree = SDKROOT; };
		58122E241478649B00497EC9 /* CoreMotion.framework */ = {isa = PBXFileReference; lastKnownFileType = wrapper.framework; name = CoreMotion.framework; path = System/Library/Frameworks/CoreMotion.framework; sourceTree = SDKROOT; };
		58122E251478649B00497EC9 /* CoreTelephony.framework */ = {isa = PBXFileReference; lastKnownFileType = wrapper.framework; name = CoreTelephony.framework; path = System/Library/Frameworks/CoreTelephony.framework; sourceTree = SDKROOT; };
		58122E261478649B00497EC9 /* CoreText.framework */ = {isa = PBXFileReference; lastKnownFileType = wrapper.framework; name = CoreText.framework; path = System/Library/Frameworks/CoreText.framework; sourceTree = SDKROOT; };
		58122E271478649B00497EC9 /* CoreVideo.framework */ = {isa = PBXFileReference; lastKnownFileType = wrapper.framework; name = CoreVideo.framework; path = System/Library/Frameworks/CoreVideo.framework; sourceTree = SDKROOT; };
		58122E34147864B400497EC9 /* AVFoundation.framework */ = {isa = PBXFileReference; lastKnownFileType = wrapper.framework; name = AVFoundation.framework; path = System/Library/Frameworks/AVFoundation.framework; sourceTree = SDKROOT; };
		58122E36147864F000497EC9 /* libiconv.2.4.0.dylib */ = {isa = PBXFileReference; lastKnownFileType = "compiled.mach-o.dylib"; name = libiconv.2.4.0.dylib; path = usr/lib/libiconv.2.4.0.dylib; sourceTree = SDKROOT; };
		58122E37147864F000497EC9 /* libiconv.2.dylib */ = {isa = PBXFileReference; lastKnownFileType = "compiled.mach-o.dylib"; name = libiconv.2.dylib; path = usr/lib/libiconv.2.dylib; sourceTree = SDKROOT; };
		58122E3A1478650200497EC9 /* MediaPlayer.framework */ = {isa = PBXFileReference; lastKnownFileType = wrapper.framework; name = MediaPlayer.framework; path = System/Library/Frameworks/MediaPlayer.framework; sourceTree = SDKROOT; };
		58122E3C1478654D00497EC9 /* SystemConfiguration.framework */ = {isa = PBXFileReference; lastKnownFileType = wrapper.framework; name = SystemConfiguration.framework; path = System/Library/Frameworks/SystemConfiguration.framework; sourceTree = SDKROOT; };
		58122E3E1478656E00497EC9 /* libzbar.a */ = {isa = PBXFileReference; lastKnownFileType = archive.ar; path = libzbar.a; sourceTree = "<group>"; };
		58122E40147865FA00497EC9 /* QuartzCore.framework */ = {isa = PBXFileReference; lastKnownFileType = wrapper.framework; name = QuartzCore.framework; path = System/Library/Frameworks/QuartzCore.framework; sourceTree = SDKROOT; };
		58A1BDC5147975C20030CC42 /* index.html */ = {isa = PBXFileReference; fileEncoding = 4; lastKnownFileType = text.html; path = index.html; sourceTree = "<group>"; };
		58A1BDC7147975C20030CC42 /* qutie.css */ = {isa = PBXFileReference; fileEncoding = 4; lastKnownFileType = text.css; path = qutie.css; sourceTree = "<group>"; };
		58A1BDCD147975DA0030CC42 /* MenuButton.png */ = {isa = PBXFileReference; lastKnownFileType = image.png; path = MenuButton.png; sourceTree = "<group>"; };
		58A1BDCE147975DA0030CC42 /* EatBar.png */ = {isa = PBXFileReference; lastKnownFileType = image.png; path = EatBar.png; sourceTree = "<group>"; };
		58A1BDCF147975DA0030CC42 /* Flying2.png */ = {isa = PBXFileReference; lastKnownFileType = image.png; path = Flying2.png; sourceTree = "<group>"; };
		58A1BDD0147975DA0030CC42 /* Flying1.png */ = {isa = PBXFileReference; lastKnownFileType = image.png; path = Flying1.png; sourceTree = "<group>"; };
		58A1BDD1147975DA0030CC42 /* Eat2.png */ = {isa = PBXFileReference; lastKnownFileType = image.png; path = Eat2.png; sourceTree = "<group>"; };
		58A1BDD2147975DA0030CC42 /* Eat1.png */ = {isa = PBXFileReference; lastKnownFileType = image.png; path = Eat1.png; sourceTree = "<group>"; };
		58A1BDD3147975DA0030CC42 /* Chew2.png */ = {isa = PBXFileReference; lastKnownFileType = image.png; path = Chew2.png; sourceTree = "<group>"; };
		58A1BDD4147975DA0030CC42 /* Chew1.png */ = {isa = PBXFileReference; lastKnownFileType = image.png; path = Chew1.png; sourceTree = "<group>"; };
		58A1BDD5147975DA0030CC42 /* Qutie-States_0004_Spooked.png */ = {isa = PBXFileReference; lastKnownFileType = image.png; path = "Qutie-States_0004_Spooked.png"; sourceTree = "<group>"; };
		58A1BDD6147975DA0030CC42 /* Qutie-States_0003_Winking.png */ = {isa = PBXFileReference; lastKnownFileType = image.png; path = "Qutie-States_0003_Winking.png"; sourceTree = "<group>"; };
		58A1BDD7147975DA0030CC42 /* Qutie-States_0002_Happy.png */ = {isa = PBXFileReference; lastKnownFileType = image.png; path = "Qutie-States_0002_Happy.png"; sourceTree = "<group>"; };
		58A1BDD8147975DA0030CC42 /* Qutie-States_0001_Eating.png */ = {isa = PBXFileReference; lastKnownFileType = image.png; path = "Qutie-States_0001_Eating.png"; sourceTree = "<group>"; };
		58A1BDD9147975DA0030CC42 /* Qutie-States_0000_Crying.png */ = {isa = PBXFileReference; lastKnownFileType = image.png; path = "Qutie-States_0000_Crying.png"; sourceTree = "<group>"; };
		58A1BDDA147975DA0030CC42 /* QutieEyesOpen.png */ = {isa = PBXFileReference; lastKnownFileType = image.png; path = QutieEyesOpen.png; sourceTree = "<group>"; };
		58A1BDDB147975DA0030CC42 /* QutieEyesClosed.png */ = {isa = PBXFileReference; lastKnownFileType = image.png; path = QutieEyesClosed.png; sourceTree = "<group>"; };
		58A1BDDD147975DA0030CC42 /* Header.png */ = {isa = PBXFileReference; lastKnownFileType = image.png; path = Header.png; sourceTree = "<group>"; };
		58A1BDEF147978EF0030CC42 /* Happy_8bit.png */ = {isa = PBXFileReference; lastKnownFileType = image.png; path = Happy_8bit.png; sourceTree = "<group>"; };
		58A1BDF314797CB80030CC42 /* openMouth.png */ = {isa = PBXFileReference; lastKnownFileType = image.png; path = openMouth.png; sourceTree = "<group>"; };
		58A1BDF514797CF40030CC42 /* tinylogo.png */ = {isa = PBXFileReference; lastKnownFileType = image.png; path = tinylogo.png; sourceTree = "<group>"; };
		58A1BDF914797D900030CC42 /* default.png */ = {isa = PBXFileReference; lastKnownFileType = image.png; path = default.png; sourceTree = "<group>"; };
		58A1BDFB14797E710030CC42 /* mediumlogo.png */ = {isa = PBXFileReference; lastKnownFileType = image.png; path = mediumlogo.png; sourceTree = "<group>"; };
		58A1BDFD14797EA80030CC42 /* Default@2x.png */ = {isa = PBXFileReference; lastKnownFileType = image.png; path = "Default@2x.png"; sourceTree = "<group>"; };
		58A1BDFF147980C50030CC42 /* index_spooky.html */ = {isa = PBXFileReference; fileEncoding = 4; lastKnownFileType = text.html; path = index_spooky.html; sourceTree = "<group>"; };
		58A1BE01147989550030CC42 /* index_winking.html */ = {isa = PBXFileReference; fileEncoding = 4; lastKnownFileType = text.html; path = index_winking.html; sourceTree = "<group>"; };
		58A1BE02147989560030CC42 /* index_happy2.html */ = {isa = PBXFileReference; fileEncoding = 4; lastKnownFileType = text.html; path = index_happy2.html; sourceTree = "<group>"; };
		58A1BE03147989560030CC42 /* index_happy1.html */ = {isa = PBXFileReference; fileEncoding = 4; lastKnownFileType = text.html; path = index_happy1.html; sourceTree = "<group>"; };
		58A1BE04147989570030CC42 /* index_flying2.html */ = {isa = PBXFileReference; fileEncoding = 4; lastKnownFileType = text.html; path = index_flying2.html; sourceTree = "<group>"; };
		58A1BE05147989570030CC42 /* index_flying1.html */ = {isa = PBXFileReference; fileEncoding = 4; lastKnownFileType = text.html; path = index_flying1.html; sourceTree = "<group>"; };
		58A1BE06147989570030CC42 /* index_eating2.html */ = {isa = PBXFileReference; fileEncoding = 4; lastKnownFileType = text.html; path = index_eating2.html; sourceTree = "<group>"; };
		58A1BE07147989580030CC42 /* index_eating1.html */ = {isa = PBXFileReference; fileEncoding = 4; lastKnownFileType = text.html; path = index_eating1.html; sourceTree = "<group>"; };
		58A1BE08147989580030CC42 /* index_crying.html */ = {isa = PBXFileReference; fileEncoding = 4; lastKnownFileType = text.html; path = index_crying.html; sourceTree = "<group>"; };
		58A1BE09147989580030CC42 /* index_chew2.html */ = {isa = PBXFileReference; fileEncoding = 4; lastKnownFileType = text.html; path = index_chew2.html; sourceTree = "<group>"; };
		58A1BE0A147989580030CC42 /* index_chew1.html */ = {isa = PBXFileReference; fileEncoding = 4; lastKnownFileType = text.html; path = index_chew1.html; sourceTree = "<group>"; };
		58CB81571478D0820063564B /* crunching.wav */ = {isa = PBXFileReference; lastKnownFileType = audio.wav; name = crunching.wav; path = sound/crunching.wav; sourceTree = "<group>"; };
		58CB81581478D0820063564B /* snoring.wav */ = {isa = PBXFileReference; lastKnownFileType = audio.wav; name = snoring.wav; path = sound/snoring.wav; sourceTree = "<group>"; };
		58CB81591478D0820063564B /* spring.wav */ = {isa = PBXFileReference; lastKnownFileType = audio.wav; name = spring.wav; path = sound/spring.wav; sourceTree = "<group>"; };
		58CB815A1478D0820063564B /* dance.wav */ = {isa = PBXFileReference; lastKnownFileType = audio.wav; name = dance.wav; path = sound/dance.wav; sourceTree = "<group>"; };
		58CB815B1478D0820063564B /* egg-cracking.wav */ = {isa = PBXFileReference; lastKnownFileType = audio.wav; name = "egg-cracking.wav"; path = "sound/egg-cracking.wav"; sourceTree = "<group>"; };
		58CB815C1478D0820063564B /* scan.wav */ = {isa = PBXFileReference; lastKnownFileType = audio.wav; name = scan.wav; path = sound/scan.wav; sourceTree = "<group>"; };
		58D33BB61478BC5E0056D07A /* WebViewController.xib */ = {isa = PBXFileReference; fileEncoding = 4; lastKnownFileType = file.xib; path = WebViewController.xib; sourceTree = "<group>"; };
/* End PBXFileReference section */

/* Begin PBXFrameworksBuildPhase section */
		58122DBA147862BE00497EC9 /* Frameworks */ = {
			isa = PBXFrameworksBuildPhase;
			buildActionMask = 2147483647;
			files = (
				58122E41147865FA00497EC9 /* QuartzCore.framework in Frameworks */,
				58122E3D1478654D00497EC9 /* SystemConfiguration.framework in Frameworks */,
				58122E1B1478646500497EC9 /* AudioToolbox.framework in Frameworks */,
				58122E3B1478650200497EC9 /* MediaPlayer.framework in Frameworks */,
				58122E38147864F000497EC9 /* libiconv.2.4.0.dylib in Frameworks */,
				58122E39147864F000497EC9 /* libiconv.2.dylib in Frameworks */,
				58122E35147864B400497EC9 /* AVFoundation.framework in Frameworks */,
				58122E281478649B00497EC9 /* CoreAudio.framework in Frameworks */,
				58122E291478649B00497EC9 /* CoreBluetooth.framework in Frameworks */,
				58122E2A1478649B00497EC9 /* CoreData.framework in Frameworks */,
				58122E2B1478649B00497EC9 /* CoreFoundation.framework in Frameworks */,
				58122E2C1478649B00497EC9 /* CoreImage.framework in Frameworks */,
				58122E2D1478649B00497EC9 /* CoreLocation.framework in Frameworks */,
				58122E2E1478649B00497EC9 /* CoreMedia.framework in Frameworks */,
				58122E2F1478649B00497EC9 /* CoreMIDI.framework in Frameworks */,
				58122E301478649B00497EC9 /* CoreMotion.framework in Frameworks */,
				58122E311478649B00497EC9 /* CoreTelephony.framework in Frameworks */,
				58122E321478649B00497EC9 /* CoreText.framework in Frameworks */,
				58122E331478649B00497EC9 /* CoreVideo.framework in Frameworks */,
				58122DC6147862BE00497EC9 /* CoreGraphics.framework in Frameworks */,
				58122E191478645A00497EC9 /* libiconv.dylib in Frameworks */,
				58122DC2147862BE00497EC9 /* UIKit.framework in Frameworks */,
				58122DC4147862BE00497EC9 /* Foundation.framework in Frameworks */,
				58122E3F1478656E00497EC9 /* libzbar.a in Frameworks */,
			);
			runOnlyForDeploymentPostprocessing = 0;
		};
		58122DDA147862BE00497EC9 /* Frameworks */ = {
			isa = PBXFrameworksBuildPhase;
			buildActionMask = 2147483647;
			files = (
				58122DE0147862BE00497EC9 /* SenTestingKit.framework in Frameworks */,
				58122DE1147862BE00497EC9 /* UIKit.framework in Frameworks */,
				58122DE2147862BE00497EC9 /* Foundation.framework in Frameworks */,
			);
			runOnlyForDeploymentPostprocessing = 0;
		};
/* End PBXFrameworksBuildPhase section */

/* Begin PBXGroup section */
		58122DB2147862BE00497EC9 = {
			isa = PBXGroup;
			children = (
				58A1BDFD14797EA80030CC42 /* Default@2x.png */,
				58A1BDFB14797E710030CC42 /* mediumlogo.png */,
				58122E44147867EB00497EC9 /* Resources */,
				58122DC7147862BE00497EC9 /* iphone */,
				58122DE5147862BF00497EC9 /* iphoneTests */,
				58122DC0147862BE00497EC9 /* Frameworks */,
				58122DBE147862BE00497EC9 /* Products */,
			);
			sourceTree = "<group>";
		};
		58122DBE147862BE00497EC9 /* Products */ = {
			isa = PBXGroup;
			children = (
				58122DBD147862BE00497EC9 /* iphone.app */,
				58122DDE147862BE00497EC9 /* iphoneTests.octest */,
			);
			name = Products;
			sourceTree = "<group>";
		};
		58122DC0147862BE00497EC9 /* Frameworks */ = {
			isa = PBXGroup;
			children = (
				58122E40147865FA00497EC9 /* QuartzCore.framework */,
				58122E36147864F000497EC9 /* libiconv.2.4.0.dylib */,
				58122E37147864F000497EC9 /* libiconv.2.dylib */,
				58122E181478645A00497EC9 /* libiconv.dylib */,
				58122E3E1478656E00497EC9 /* libzbar.a */,
				58122E3C1478654D00497EC9 /* SystemConfiguration.framework */,
				58122E3A1478650200497EC9 /* MediaPlayer.framework */,
				58122E34147864B400497EC9 /* AVFoundation.framework */,
				58122E1C1478649B00497EC9 /* CoreAudio.framework */,
				58122E1D1478649B00497EC9 /* CoreBluetooth.framework */,
				58122E1E1478649B00497EC9 /* CoreData.framework */,
				58122E1F1478649B00497EC9 /* CoreFoundation.framework */,
				58122E201478649B00497EC9 /* CoreImage.framework */,
				58122E211478649B00497EC9 /* CoreLocation.framework */,
				58122E221478649B00497EC9 /* CoreMedia.framework */,
				58122E231478649B00497EC9 /* CoreMIDI.framework */,
				58122E241478649B00497EC9 /* CoreMotion.framework */,
				58122E251478649B00497EC9 /* CoreTelephony.framework */,
				58122E261478649B00497EC9 /* CoreText.framework */,
				58122E271478649B00497EC9 /* CoreVideo.framework */,
				58122E1A1478646500497EC9 /* AudioToolbox.framework */,
				58122DC1147862BE00497EC9 /* UIKit.framework */,
				58122DC3147862BE00497EC9 /* Foundation.framework */,
				58122DC5147862BE00497EC9 /* CoreGraphics.framework */,
				58122DDF147862BE00497EC9 /* SenTestingKit.framework */,
			);
			name = Frameworks;
			sourceTree = "<group>";
		};
		58122DC7147862BE00497EC9 /* iphone */ = {
			isa = PBXGroup;
			children = (
				58122DF61478632F00497EC9 /* ZBarSDK */,
				58122DD0147862BE00497EC9 /* AppDelegate.h */,
				58122DD1147862BE00497EC9 /* AppDelegate.m */,
				58122DD3147862BE00497EC9 /* ViewController.h */,
				58122DD4147862BE00497EC9 /* ViewController.m */,
				58122DD6147862BE00497EC9 /* ViewController.xib */,
				58122DC8147862BE00497EC9 /* Supporting Files */,
			);
			path = iphone;
			sourceTree = "<group>";
		};
		58122DC8147862BE00497EC9 /* Supporting Files */ = {
			isa = PBXGroup;
			children = (
				58122DC9147862BE00497EC9 /* iphone-Info.plist */,
				58122DCA147862BE00497EC9 /* InfoPlist.strings */,
				58122DCD147862BE00497EC9 /* main.m */,
				58122DCF147862BE00497EC9 /* iphone-Prefix.pch */,
			);
			name = "Supporting Files";
			sourceTree = "<group>";
		};
		58122DE5147862BF00497EC9 /* iphoneTests */ = {
			isa = PBXGroup;
			children = (
				58122DEB147862BF00497EC9 /* iphoneTests.h */,
				58122DEC147862BF00497EC9 /* iphoneTests.m */,
				58122DE6147862BF00497EC9 /* Supporting Files */,
			);
			path = iphoneTests;
			sourceTree = "<group>";
		};
		58122DE6147862BF00497EC9 /* Supporting Files */ = {
			isa = PBXGroup;
			children = (
				58122DE7147862BF00497EC9 /* iphoneTests-Info.plist */,
				58122DE8147862BF00497EC9 /* InfoPlist.strings */,
			);
			name = "Supporting Files";
			sourceTree = "<group>";
		};
		58122DF61478632F00497EC9 /* ZBarSDK */ = {
			isa = PBXGroup;
			children = (
				58122E151478633A00497EC9 /* WebViewController.m */,
				58122E161478633A00497EC9 /* WebViewController.h */,
				58D33BB61478BC5E0056D07A /* WebViewController.xib */,
				58122DF71478632F00497EC9 /* Headers */,
				58122E101478632F00497EC9 /* libzbar.a */,
				58122E111478632F00497EC9 /* Resources */,
			);
			path = ZBarSDK;
			sourceTree = "<group>";
		};
		58122DF71478632F00497EC9 /* Headers */ = {
			isa = PBXGroup;
			children = (
				58122DF81478632F00497EC9 /* ZBarSDK */,
			);
			path = Headers;
			sourceTree = "<group>";
		};
		58122DF81478632F00497EC9 /* ZBarSDK */ = {
			isa = PBXGroup;
			children = (
				58122DF91478632F00497EC9 /* libzbar.a */,
				58122DFA1478632F00497EC9 /* ReaderOverlayView.h */,
				58122DFB1478632F00497EC9 /* ReaderOverlayView.m */,
				58122DFC1478632F00497EC9 /* zbar */,
				58122E061478632F00497EC9 /* zbar.h */,
				58122E071478632F00497EC9 /* ZBarCaptureReader.h */,
				58122E081478632F00497EC9 /* ZBarHelpController.h */,
				58122E091478632F00497EC9 /* ZBarImage.h */,
				58122E0A1478632F00497EC9 /* ZBarImageScanner.h */,
				58122E0B1478632F00497EC9 /* ZBarReaderController.h */,
				58122E0C1478632F00497EC9 /* ZBarReaderView.h */,
				58122E0D1478632F00497EC9 /* ZBarReaderViewController.h */,
				58122E0E1478632F00497EC9 /* ZBarSDK.h */,
				58122E0F1478632F00497EC9 /* ZBarSymbol.h */,
			);
			path = ZBarSDK;
			sourceTree = "<group>";
		};
		58122DFC1478632F00497EC9 /* zbar */ = {
			isa = PBXGroup;
			children = (
				58122DFD1478632F00497EC9 /* Decoder.h */,
				58122DFE1478632F00497EC9 /* Exception.h */,
				58122DFF1478632F00497EC9 /* Image.h */,
				58122E001478632F00497EC9 /* ImageScanner.h */,
				58122E011478632F00497EC9 /* Processor.h */,
				58122E021478632F00497EC9 /* Scanner.h */,
				58122E031478632F00497EC9 /* Symbol.h */,
				58122E041478632F00497EC9 /* Window.h */,
				58122E051478632F00497EC9 /* ZbarVideo.h */,
			);
			path = zbar;
			sourceTree = "<group>";
		};
		58122E111478632F00497EC9 /* Resources */ = {
			isa = PBXGroup;
			children = (
			);
			path = Resources;
			sourceTree = "<group>";
		};
		58122E44147867EB00497EC9 /* Resources */ = {
			isa = PBXGroup;
			children = (
				58A1BDF514797CF40030CC42 /* tinylogo.png */,
				58A1BDF914797D900030CC42 /* default.png */,
				58A1BDEF147978EF0030CC42 /* Happy_8bit.png */,
				58A1BDF314797CB80030CC42 /* openMouth.png */,
				58A1BDCD147975DA0030CC42 /* MenuButton.png */,
				58A1BDCE147975DA0030CC42 /* EatBar.png */,
				58A1BE01147989550030CC42 /* index_winking.html */,
				58A1BE02147989560030CC42 /* index_happy2.html */,
				58A1BE03147989560030CC42 /* index_happy1.html */,
				58A1BE04147989570030CC42 /* index_flying2.html */,
				58A1BE05147989570030CC42 /* index_flying1.html */,
				58A1BE06147989570030CC42 /* index_eating2.html */,
				58A1BE07147989580030CC42 /* index_eating1.html */,
				58A1BE08147989580030CC42 /* index_crying.html */,
				58A1BE09147989580030CC42 /* index_chew2.html */,
				58A1BE0A147989580030CC42 /* index_chew1.html */,
				58A1BDFF147980C50030CC42 /* index_spooky.html */,
				58A1BDC5147975C20030CC42 /* index.html */,
				58A1BDC7147975C20030CC42 /* qutie.css */,
				58A1BDCF147975DA0030CC42 /* Flying2.png */,
				58A1BDD0147975DA0030CC42 /* Flying1.png */,
				58A1BDD1147975DA0030CC42 /* Eat2.png */,
				58A1BDD2147975DA0030CC42 /* Eat1.png */,
				58A1BDD3147975DA0030CC42 /* Chew2.png */,
				58A1BDD4147975DA0030CC42 /* Chew1.png */,
				58A1BDD5147975DA0030CC42 /* Qutie-States_0004_Spooked.png */,
				58A1BDD6147975DA0030CC42 /* Qutie-States_0003_Winking.png */,
				58A1BDD7147975DA0030CC42 /* Qutie-States_0002_Happy.png */,
				58A1BDD8147975DA0030CC42 /* Qutie-States_0001_Eating.png */,
				58A1BDD9147975DA0030CC42 /* Qutie-States_0000_Crying.png */,
				58A1BDDA147975DA0030CC42 /* QutieEyesOpen.png */,
				58A1BDDB147975DA0030CC42 /* QutieEyesClosed.png */,
				58A1BDDD147975DA0030CC42 /* Header.png */,
				58122E5014786FA100497EC9 /* sound */,
			);
			name = Resources;
			sourceTree = "<group>";
		};
		58122E5014786FA100497EC9 /* sound */ = {
			isa = PBXGroup;
			children = (
				58CB81571478D0820063564B /* crunching.wav */,
				58CB81581478D0820063564B /* snoring.wav */,
				58CB81591478D0820063564B /* spring.wav */,
				58CB815A1478D0820063564B /* dance.wav */,
				58CB815B1478D0820063564B /* egg-cracking.wav */,
				58CB815C1478D0820063564B /* scan.wav */,
			);
			name = sound;
			sourceTree = "<group>";
		};
/* End PBXGroup section */

/* Begin PBXNativeTarget section */
		58122DBC147862BE00497EC9 /* iphone */ = {
			isa = PBXNativeTarget;
			buildConfigurationList = 58122DF0147862BF00497EC9 /* Build configuration list for PBXNativeTarget "iphone" */;
			buildPhases = (
				58122DB9147862BE00497EC9 /* Sources */,
				58122DBA147862BE00497EC9 /* Frameworks */,
				58122DBB147862BE00497EC9 /* Resources */,
			);
			buildRules = (
			);
			dependencies = (
			);
			name = iphone;
			productName = iphone;
			productReference = 58122DBD147862BE00497EC9 /* iphone.app */;
			productType = "com.apple.product-type.application";
		};
		58122DDD147862BE00497EC9 /* iphoneTests */ = {
			isa = PBXNativeTarget;
			buildConfigurationList = 58122DF3147862BF00497EC9 /* Build configuration list for PBXNativeTarget "iphoneTests" */;
			buildPhases = (
				58122DD9147862BE00497EC9 /* Sources */,
				58122DDA147862BE00497EC9 /* Frameworks */,
				58122DDB147862BE00497EC9 /* Resources */,
				58122DDC147862BE00497EC9 /* ShellScript */,
			);
			buildRules = (
			);
			dependencies = (
				58122DE4147862BF00497EC9 /* PBXTargetDependency */,
			);
			name = iphoneTests;
			productName = iphoneTests;
			productReference = 58122DDE147862BE00497EC9 /* iphoneTests.octest */;
			productType = "com.apple.product-type.bundle";
		};
/* End PBXNativeTarget section */

/* Begin PBXProject section */
		58122DB4147862BE00497EC9 /* Project object */ = {
			isa = PBXProject;
			attributes = {
				LastUpgradeCheck = 0420;
				ORGANIZATIONNAME = "University of Alberta";
			};
			buildConfigurationList = 58122DB7147862BE00497EC9 /* Build configuration list for PBXProject "iphone" */;
			compatibilityVersion = "Xcode 3.2";
			developmentRegion = English;
			hasScannedForEncodings = 0;
			knownRegions = (
				en,
			);
			mainGroup = 58122DB2147862BE00497EC9;
			productRefGroup = 58122DBE147862BE00497EC9 /* Products */;
			projectDirPath = "";
			projectRoot = "";
			targets = (
				58122DBC147862BE00497EC9 /* iphone */,
				58122DDD147862BE00497EC9 /* iphoneTests */,
			);
		};
/* End PBXProject section */

/* Begin PBXResourcesBuildPhase section */
		58122DBB147862BE00497EC9 /* Resources */ = {
			isa = PBXResourcesBuildPhase;
			buildActionMask = 2147483647;
			files = (
				58122DCC147862BE00497EC9 /* InfoPlist.strings in Resources */,
				58122DD8147862BE00497EC9 /* ViewController.xib in Resources */,
				58D33BB71478BC5E0056D07A /* WebViewController.xib in Resources */,
				58CB815D1478D0820063564B /* crunching.wav in Resources */,
				58CB815E1478D0820063564B /* snoring.wav in Resources */,
				58CB815F1478D0820063564B /* spring.wav in Resources */,
				58CB81601478D0820063564B /* dance.wav in Resources */,
				58CB81611478D0820063564B /* egg-cracking.wav in Resources */,
				58CB81621478D0820063564B /* scan.wav in Resources */,
				58A1BDC9147975C20030CC42 /* index.html in Resources */,
				58A1BDCB147975C20030CC42 /* qutie.css in Resources */,
				58A1BDDE147975DA0030CC42 /* MenuButton.png in Resources */,
				58A1BDDF147975DA0030CC42 /* EatBar.png in Resources */,
				58A1BDE0147975DA0030CC42 /* Flying2.png in Resources */,
				58A1BDE1147975DA0030CC42 /* Flying1.png in Resources */,
				58A1BDE2147975DA0030CC42 /* Eat2.png in Resources */,
				58A1BDE3147975DA0030CC42 /* Eat1.png in Resources */,
				58A1BDE4147975DA0030CC42 /* Chew2.png in Resources */,
				58A1BDE5147975DA0030CC42 /* Chew1.png in Resources */,
				58A1BDE6147975DA0030CC42 /* Qutie-States_0004_Spooked.png in Resources */,
				58A1BDE7147975DA0030CC42 /* Qutie-States_0003_Winking.png in Resources */,
				58A1BDE8147975DA0030CC42 /* Qutie-States_0002_Happy.png in Resources */,
				58A1BDE9147975DA0030CC42 /* Qutie-States_0001_Eating.png in Resources */,
				58A1BDEA147975DA0030CC42 /* Qutie-States_0000_Crying.png in Resources */,
				58A1BDEB147975DA0030CC42 /* QutieEyesOpen.png in Resources */,
				58A1BDEC147975DA0030CC42 /* QutieEyesClosed.png in Resources */,
				58A1BDEE147975DA0030CC42 /* Header.png in Resources */,
				58A1BDF0147978EF0030CC42 /* Happy_8bit.png in Resources */,
				58A1BDF414797CB80030CC42 /* openMouth.png in Resources */,
				58A1BDF614797CF40030CC42 /* tinylogo.png in Resources */,
				58A1BDFA14797D900030CC42 /* default.png in Resources */,
				58A1BDFC14797E710030CC42 /* mediumlogo.png in Resources */,
				58A1BDFE14797EA80030CC42 /* Default@2x.png in Resources */,
				58A1BE00147980C60030CC42 /* index_spooky.html in Resources */,
				58A1BE0B147989590030CC42 /* index_winking.html in Resources */,
				58A1BE0C147989590030CC42 /* index_happy2.html in Resources */,
				58A1BE0D147989590030CC42 /* index_happy1.html in Resources */,
				58A1BE0E147989590030CC42 /* index_flying2.html in Resources */,
				58A1BE0F147989590030CC42 /* index_flying1.html in Resources */,
				58A1BE10147989590030CC42 /* index_eating2.html in Resources */,
				58A1BE11147989590030CC42 /* index_eating1.html in Resources */,
				58A1BE12147989590030CC42 /* index_crying.html in Resources */,
				58A1BE13147989590030CC42 /* index_chew2.html in Resources */,
				58A1BE14147989590030CC42 /* index_chew1.html in Resources */,
			);
			runOnlyForDeploymentPostprocessing = 0;
		};
		58122DDB147862BE00497EC9 /* Resources */ = {
			isa = PBXResourcesBuildPhase;
			buildActionMask = 2147483647;
			files = (
				58122DEA147862BF00497EC9 /* InfoPlist.strings in Resources */,
			);
			runOnlyForDeploymentPostprocessing = 0;
		};
/* End PBXResourcesBuildPhase section */

/* Begin PBXShellScriptBuildPhase section */
		58122DDC147862BE00497EC9 /* ShellScript */ = {
			isa = PBXShellScriptBuildPhase;
			buildActionMask = 2147483647;
			files = (
			);
			inputPaths = (
			);
			outputPaths = (
			);
			runOnlyForDeploymentPostprocessing = 0;
			shellPath = /bin/sh;
			shellScript = "# Run the unit tests in this test bundle.\n\"${SYSTEM_DEVELOPER_DIR}/Tools/RunUnitTests\"\n";
		};
/* End PBXShellScriptBuildPhase section */

/* Begin PBXSourcesBuildPhase section */
		58122DB9147862BE00497EC9 /* Sources */ = {
			isa = PBXSourcesBuildPhase;
			buildActionMask = 2147483647;
			files = (
				58122DCE147862BE00497EC9 /* main.m in Sources */,
				58122DD2147862BE00497EC9 /* AppDelegate.m in Sources */,
				58122DD5147862BE00497EC9 /* ViewController.m in Sources */,
				58122E131478632F00497EC9 /* ReaderOverlayView.m in Sources */,
				58122E171478633A00497EC9 /* WebViewController.m in Sources */,
			);
			runOnlyForDeploymentPostprocessing = 0;
		};
		58122DD9147862BE00497EC9 /* Sources */ = {
			isa = PBXSourcesBuildPhase;
			buildActionMask = 2147483647;
			files = (
				58122DED147862BF00497EC9 /* iphoneTests.m in Sources */,
			);
			runOnlyForDeploymentPostprocessing = 0;
		};
/* End PBXSourcesBuildPhase section */

/* Begin PBXTargetDependency section */
		58122DE4147862BF00497EC9 /* PBXTargetDependency */ = {
			isa = PBXTargetDependency;
			target = 58122DBC147862BE00497EC9 /* iphone */;
			targetProxy = 58122DE3147862BF00497EC9 /* PBXContainerItemProxy */;
		};
/* End PBXTargetDependency section */

/* Begin PBXVariantGroup section */
		58122DCA147862BE00497EC9 /* InfoPlist.strings */ = {
			isa = PBXVariantGroup;
			children = (
				58122DCB147862BE00497EC9 /* en */,
			);
			name = InfoPlist.strings;
			sourceTree = "<group>";
		};
		58122DD6147862BE00497EC9 /* ViewController.xib */ = {
			isa = PBXVariantGroup;
			children = (
				58122DD7147862BE00497EC9 /* en */,
			);
			name = ViewController.xib;
			sourceTree = "<group>";
		};
		58122DE8147862BF00497EC9 /* InfoPlist.strings */ = {
			isa = PBXVariantGroup;
			children = (
				58122DE9147862BF00497EC9 /* en */,
			);
			name = InfoPlist.strings;
			sourceTree = "<group>";
		};
/* End PBXVariantGroup section */

/* Begin XCBuildConfiguration section */
		58122DEE147862BF00497EC9 /* Debug */ = {
			isa = XCBuildConfiguration;
			buildSettings = {
				ALWAYS_SEARCH_USER_PATHS = NO;
				ARCHS = "$(ARCHS_STANDARD_32_BIT)";
				CLANG_ENABLE_OBJC_ARC = YES;
				"CODE_SIGN_IDENTITY[sdk=iphoneos*]" = "iPhone Developer";
				COPY_PHASE_STRIP = NO;
				GCC_C_LANGUAGE_STANDARD = gnu99;
				GCC_DYNAMIC_NO_PIC = NO;
				GCC_OPTIMIZATION_LEVEL = 0;
				GCC_PREPROCESSOR_DEFINITIONS = (
					"DEBUG=1",
					"$(inherited)",
				);
				GCC_SYMBOLS_PRIVATE_EXTERN = NO;
				GCC_VERSION = com.apple.compilers.llvm.clang.1_0;
				GCC_WARN_ABOUT_MISSING_PROTOTYPES = YES;
				GCC_WARN_ABOUT_RETURN_TYPE = YES;
				GCC_WARN_UNUSED_VARIABLE = YES;
				IPHONEOS_DEPLOYMENT_TARGET = 5.0;
				SDKROOT = iphoneos;
			};
			name = Debug;
		};
		58122DEF147862BF00497EC9 /* Release */ = {
			isa = XCBuildConfiguration;
			buildSettings = {
				ALWAYS_SEARCH_USER_PATHS = NO;
				ARCHS = "$(ARCHS_STANDARD_32_BIT)";
				CLANG_ENABLE_OBJC_ARC = YES;
				"CODE_SIGN_IDENTITY[sdk=iphoneos*]" = "iPhone Developer";
				COPY_PHASE_STRIP = YES;
				GCC_C_LANGUAGE_STANDARD = gnu99;
				GCC_VERSION = com.apple.compilers.llvm.clang.1_0;
				GCC_WARN_ABOUT_MISSING_PROTOTYPES = YES;
				GCC_WARN_ABOUT_RETURN_TYPE = YES;
				GCC_WARN_UNUSED_VARIABLE = YES;
				IPHONEOS_DEPLOYMENT_TARGET = 5.0;
				OTHER_CFLAGS = "-DNS_BLOCK_ASSERTIONS=1";
				SDKROOT = iphoneos;
				VALIDATE_PRODUCT = YES;
			};
			name = Release;
		};
		58122DF1147862BF00497EC9 /* Debug */ = {
			isa = XCBuildConfiguration;
			buildSettings = {
				GCC_PRECOMPILE_PREFIX_HEADER = YES;
				GCC_PREFIX_HEADER = "iphone/iphone-Prefix.pch";
				INFOPLIST_FILE = "iphone/iphone-Info.plist";
				IPHONEOS_DEPLOYMENT_TARGET = 4.0;
				LIBRARY_SEARCH_PATHS = (
					"$(inherited)",
					"\"$(SRCROOT)/iphone/ZBarSDK/Headers/ZBarSDK\"",
					"\"$(SRCROOT)/iphone/ZBarSDK\"",
					"\"$(SRCROOT)\"",
				);
				PRODUCT_NAME = "$(TARGET_NAME)";
				VALID_ARCHS = "i386 armv6 armv7";
				WRAPPER_EXTENSION = app;
			};
			name = Debug;
		};
		58122DF2147862BF00497EC9 /* Release */ = {
			isa = XCBuildConfiguration;
			buildSettings = {
				GCC_PRECOMPILE_PREFIX_HEADER = YES;
				GCC_PREFIX_HEADER = "iphone/iphone-Prefix.pch";
				INFOPLIST_FILE = "iphone/iphone-Info.plist";
				IPHONEOS_DEPLOYMENT_TARGET = 4.0;
				LIBRARY_SEARCH_PATHS = (
					"$(inherited)",
					"\"$(SRCROOT)/iphone/ZBarSDK/Headers/ZBarSDK\"",
					"\"$(SRCROOT)/iphone/ZBarSDK\"",
					"\"$(SRCROOT)\"",
				);
				PRODUCT_NAME = "$(TARGET_NAME)";
				VALID_ARCHS = "i386 armv6 armv7";
				WRAPPER_EXTENSION = app;
			};
			name = Release;
		};
		58122DF4147862BF00497EC9 /* Debug */ = {
			isa = XCBuildConfiguration;
			buildSettings = {
				BUNDLE_LOADER = "$(BUILT_PRODUCTS_DIR)/iphone.app/iphone";
				FRAMEWORK_SEARCH_PATHS = (
					"$(SDKROOT)/Developer/Library/Frameworks",
					"$(DEVELOPER_LIBRARY_DIR)/Frameworks",
				);
				GCC_PRECOMPILE_PREFIX_HEADER = YES;
				GCC_PREFIX_HEADER = "iphone/iphone-Prefix.pch";
				INFOPLIST_FILE = "iphoneTests/iphoneTests-Info.plist";
				PRODUCT_NAME = "$(TARGET_NAME)";
				TEST_HOST = "$(BUNDLE_LOADER)";
				WRAPPER_EXTENSION = octest;
			};
			name = Debug;
		};
		58122DF5147862BF00497EC9 /* Release */ = {
			isa = XCBuildConfiguration;
			buildSettings = {
				BUNDLE_LOADER = "$(BUILT_PRODUCTS_DIR)/iphone.app/iphone";
				FRAMEWORK_SEARCH_PATHS = (
					"$(SDKROOT)/Developer/Library/Frameworks",
					"$(DEVELOPER_LIBRARY_DIR)/Frameworks",
				);
				GCC_PRECOMPILE_PREFIX_HEADER = YES;
				GCC_PREFIX_HEADER = "iphone/iphone-Prefix.pch";
				INFOPLIST_FILE = "iphoneTests/iphoneTests-Info.plist";
				PRODUCT_NAME = "$(TARGET_NAME)";
				TEST_HOST = "$(BUNDLE_LOADER)";
				WRAPPER_EXTENSION = octest;
			};
			name = Release;
		};
/* End XCBuildConfiguration section */

/* Begin XCConfigurationList section */
		58122DB7147862BE00497EC9 /* Build configuration list for PBXProject "iphone" */ = {
			isa = XCConfigurationList;
			buildConfigurations = (
				58122DEE147862BF00497EC9 /* Debug */,
				58122DEF147862BF00497EC9 /* Release */,
			);
			defaultConfigurationIsVisible = 0;
			defaultConfigurationName = Release;
		};
		58122DF0147862BF00497EC9 /* Build configuration list for PBXNativeTarget "iphone" */ = {
			isa = XCConfigurationList;
			buildConfigurations = (
				58122DF1147862BF00497EC9 /* Debug */,
				58122DF2147862BF00497EC9 /* Release */,
			);
			defaultConfigurationIsVisible = 0;
			defaultConfigurationName = Release;
		};
		58122DF3147862BF00497EC9 /* Build configuration list for PBXNativeTarget "iphoneTests" */ = {
			isa = XCConfigurationList;
			buildConfigurations = (
				58122DF4147862BF00497EC9 /* Debug */,
				58122DF5147862BF00497EC9 /* Release */,
			);
			defaultConfigurationIsVisible = 0;
			defaultConfigurationName = Release;
		};
/* End XCConfigurationList section */
	};
	rootObject = 58122DB4147862BE00497EC9 /* Project object */;
}
