// !$*UTF8*$!
{
	archiveVersion = 1;
	classes = {
	};
	objectVersion = 46;
	objects = {

/* Begin PBXBuildFile section */
		58122DC2147862BE00497EC9 /* UIKit.framework in Frameworks */ = {isa = PBXBuildFile; fileRef = 58122DC1147862BE00497EC9 /* UIKit.framework */; };
		58122DC4147862BE00497EC9 /* Foundation.framework in Frameworks */ = {isa = PBXBuildFile; fileRef = 58122DC3147862BE00497EC9 /* Foundation.framework */; };
		58122DC6147862BE00497EC9 /* CoreGraphics.framework in Frameworks */ = {isa = PBXBuildFile; fileRef = 58122DC5147862BE00497EC9 /* CoreGraphics.framework */; };
		58122DCC147862BE00497EC9 /* InfoPlist.strings in Resources */ = {isa = PBXBuildFile; fileRef = 58122DCA147862BE00497EC9 /* InfoPlist.strings */; };
		58122DCE147862BE00497EC9 /* main.m in Sources */ = {isa = PBXBuildFile; fileRef = 58122DCD147862BE00497EC9 /* main.m */; };
		58122DD2147862BE00497EC9 /* AppDelegate.m in Sources */ = {isa = PBXBuildFile; fileRef = 58122DD1147862BE00497EC9 /* AppDelegate.m */; };
		58122DD5147862BE00497EC9 /* ViewController.m in Sources */ = {isa = PBXBuildFile; fileRef = 58122DD4147862BE00497EC9 /* ViewController.m */; };
		58122DD8147862BE00497EC9 /* ViewController.xib in Resources */ = {isa = PBXBuildFile; fileRef = 58122DD6147862BE00497EC9 /* ViewController.xib */; };
		58122DE0147862BE00497EC9 /* SenTestingKit.framework in Frameworks */ = {isa = PBXBuildFile; fileRef = 58122DDF147862BE00497EC9 /* SenTestingKit.framework */; };
		58122DE1147862BE00497EC9 /* UIKit.framework in Frameworks */ = {isa = PBXBuildFile; fileRef = 58122DC1147862BE00497EC9 /* UIKit.framework */; };
		58122DE2147862BE00497EC9 /* Foundation.framework in Frameworks */ = {isa = PBXBuildFile; fileRef = 58122DC3147862BE00497EC9 /* Foundation.framework */; };
		58122DEA147862BF00497EC9 /* InfoPlist.strings in Resources */ = {isa = PBXBuildFile; fileRef = 58122DE8147862BF00497EC9 /* InfoPlist.strings */; };
		58122DED147862BF00497EC9 /* iphoneTests.m in Sources */ = {isa = PBXBuildFile; fileRef = 58122DEC147862BF00497EC9 /* iphoneTests.m */; };
/* End PBXBuildFile section */

/* Begin PBXContainerItemProxy section */
		58122DE3147862BF00497EC9 /* PBXContainerItemProxy */ = {
			isa = PBXContainerItemProxy;
			containerPortal = 58122DB4147862BE00497EC9 /* Project object */;
			proxyType = 1;
			remoteGlobalIDString = 58122DBC147862BE00497EC9;
			remoteInfo = iphone;
		};
/* End PBXContainerItemProxy section */

/* Begin PBXFileReference section */
		58122DBD147862BE00497EC9 /* iphone.app */ = {isa = PBXFileReference; explicitFileType = wrapper.application; includeInIndex = 0; path = iphone.app; sourceTree = BUILT_PRODUCTS_DIR; };
		58122DC1147862BE00497EC9 /* UIKit.framework */ = {isa = PBXFileReference; lastKnownFileType = wrapper.framework; name = UIKit.framework; path = System/Library/Frameworks/UIKit.framework; sourceTree = SDKROOT; };
		58122DC3147862BE00497EC9 /* Foundation.framework */ = {isa = PBXFileReference; lastKnownFileType = wrapper.framework; name = Foundation.framework; path = System/Library/Frameworks/Foundation.framework; sourceTree = SDKROOT; };
		58122DC5147862BE00497EC9 /* CoreGraphics.framework */ = {isa = PBXFileReference; lastKnownFileType = wrapper.framework; name = CoreGraphics.framework; path = System/Library/Frameworks/CoreGraphics.framework; sourceTree = SDKROOT; };
		58122DC9147862BE00497EC9 /* iphone-Info.plist */ = {isa = PBXFileReference; path = "iphone-Info.plist"; sourceTree = "<group>"; };
		58122DCB147862BE00497EC9 /* en */ = {isa = PBXFileReference; lastKnownFileType = text.plist.strings; name = en; path = en.lproj/InfoPlist.strings; sourceTree = "<group>"; };
		58122DCD147862BE00497EC9 /* main.m */ = {isa = PBXFileReference; lastKnownFileType = sourcecode.c.objc; path = main.m; sourceTree = "<group>"; };
		58122DCF147862BE00497EC9 /* iphone-Prefix.pch */ = {isa = PBXFileReference; path = "iphone-Prefix.pch"; sourceTree = "<group>"; };
		58122DD0147862BE00497EC9 /* AppDelegate.h */ = {isa = PBXFileReference; path = AppDelegate.h; sourceTree = "<group>"; };
		58122DD1147862BE00497EC9 /* AppDelegate.m */ = {isa = PBXFileReference; lastKnownFileType = sourcecode.c.objc; path = AppDelegate.m; sourceTree = "<group>"; };
		58122DD3147862BE00497EC9 /* ViewController.h */ = {isa = PBXFileReference; path = ViewController.h; sourceTree = "<group>"; };
		58122DD4147862BE00497EC9 /* ViewController.m */ = {isa = PBXFileReference; lastKnownFileType = sourcecode.c.objc; path = ViewController.m; sourceTree = "<group>"; };
		58122DD7147862BE00497EC9 /* en */ = {isa = PBXFileReference; lastKnownFileType = file.xib; name = en; path = en.lproj/ViewController.xib; sourceTree = "<group>"; };
		58122DDE147862BE00497EC9 /* iphoneTests.octest */ = {isa = PBXFileReference; explicitFileType = wrapper.cfbundle; includeInIndex = 0; path = iphoneTests.octest; sourceTree = BUILT_PRODUCTS_DIR; };
		58122DDF147862BE00497EC9 /* SenTestingKit.framework */ = {isa = PBXFileReference; lastKnownFileType = wrapper.framework; name = SenTestingKit.framework; path = Library/Frameworks/SenTestingKit.framework; sourceTree = DEVELOPER_DIR; };
		58122DE7147862BF00497EC9 /* iphoneTests-Info.plist */ = {isa = PBXFileReference; path = "iphoneTests-Info.plist"; sourceTree = "<group>"; };
		58122DE9147862BF00497EC9 /* en */ = {isa = PBXFileReference; lastKnownFileType = text.plist.strings; name = en; path = en.lproj/InfoPlist.strings; sourceTree = "<group>"; };
		58122DEB147862BF00497EC9 /* iphoneTests.h */ = {isa = PBXFileReference; path = iphoneTests.h; sourceTree = "<group>"; };
		58122DEC147862BF00497EC9 /* iphoneTests.m */ = {isa = PBXFileReference; lastKnownFileType = sourcecode.c.objc; path = iphoneTests.m; sourceTree = "<group>"; };
/* End PBXFileReference section */

/* Begin PBXFrameworksBuildPhase section */
		58122DBA147862BE00497EC9 /* Frameworks */ = {
			isa = PBXFrameworksBuildPhase;
			buildActionMask = 2147483647;
			files = (
				58122DC2147862BE00497EC9 /* UIKit.framework in Frameworks */,
				58122DC4147862BE00497EC9 /* Foundation.framework in Frameworks */,
				58122DC6147862BE00497EC9 /* CoreGraphics.framework in Frameworks */,
			);
			runOnlyForDeploymentPostprocessing = 0;
		};
		58122DDA147862BE00497EC9 /* Frameworks */ = {
			isa = PBXFrameworksBuildPhase;
			buildActionMask = 2147483647;
			files = (
				58122DE0147862BE00497EC9 /* SenTestingKit.framework in Frameworks */,
				58122DE1147862BE00497EC9 /* UIKit.framework in Frameworks */,
				58122DE2147862BE00497EC9 /* Foundation.framework in Frameworks */,
			);
			runOnlyForDeploymentPostprocessing = 0;
		};
/* End PBXFrameworksBuildPhase section */

/* Begin PBXGroup section */
		58122DB2147862BE00497EC9 = {
			isa = PBXGroup;
			children = (
				58122DC7147862BE00497EC9 /* iphone */,
				58122DE5147862BF00497EC9 /* iphoneTests */,
				58122DC0147862BE00497EC9 /* Frameworks */,
				58122DBE147862BE00497EC9 /* Products */,
			);
			sourceTree = "<group>";
		};
		58122DBE147862BE00497EC9 /* Products */ = {
			isa = PBXGroup;
			children = (
				58122DBD147862BE00497EC9 /* iphone.app */,
				58122DDE147862BE00497EC9 /* iphoneTests.octest */,
			);
			name = Products;
			sourceTree = "<group>";
		};
		58122DC0147862BE00497EC9 /* Frameworks */ = {
			isa = PBXGroup;
			children = (
				58122DC1147862BE00497EC9 /* UIKit.framework */,
				58122DC3147862BE00497EC9 /* Foundation.framework */,
				58122DC5147862BE00497EC9 /* CoreGraphics.framework */,
				58122DDF147862BE00497EC9 /* SenTestingKit.framework */,
			);
			name = Frameworks;
			sourceTree = "<group>";
		};
		58122DC7147862BE00497EC9 /* iphone */ = {
			isa = PBXGroup;
			children = (
				58122DD0147862BE00497EC9 /* AppDelegate.h */,
				58122DD1147862BE00497EC9 /* AppDelegate.m */,
				58122DD3147862BE00497EC9 /* ViewController.h */,
				58122DD4147862BE00497EC9 /* ViewController.m */,
				58122DD6147862BE00497EC9 /* ViewController.xib */,
				58122DC8147862BE00497EC9 /* Supporting Files */,
			);
			path = iphone;
			sourceTree = "<group>";
		};
		58122DC8147862BE00497EC9 /* Supporting Files */ = {
			isa = PBXGroup;
			children = (
				58122DC9147862BE00497EC9 /* iphone-Info.plist */,
				58122DCA147862BE00497EC9 /* InfoPlist.strings */,
				58122DCD147862BE00497EC9 /* main.m */,
				58122DCF147862BE00497EC9 /* iphone-Prefix.pch */,
			);
			name = "Supporting Files";
			sourceTree = "<group>";
		};
		58122DE5147862BF00497EC9 /* iphoneTests */ = {
			isa = PBXGroup;
			children = (
				58122DEB147862BF00497EC9 /* iphoneTests.h */,
				58122DEC147862BF00497EC9 /* iphoneTests.m */,
				58122DE6147862BF00497EC9 /* Supporting Files */,
			);
			path = iphoneTests;
			sourceTree = "<group>";
		};
		58122DE6147862BF00497EC9 /* Supporting Files */ = {
			isa = PBXGroup;
			children = (
				58122DE7147862BF00497EC9 /* iphoneTests-Info.plist */,
				58122DE8147862BF00497EC9 /* InfoPlist.strings */,
			);
			name = "Supporting Files";
			sourceTree = "<group>";
		};
/* End PBXGroup section */

/* Begin PBXNativeTarget section */
		58122DBC147862BE00497EC9 /* iphone */ = {
			isa = PBXNativeTarget;
			buildConfigurationList = 58122DF0147862BF00497EC9 /* Build configuration list for PBXNativeTarget "iphone" */;
			buildPhases = (
				58122DB9147862BE00497EC9 /* Sources */,
				58122DBA147862BE00497EC9 /* Frameworks */,
				58122DBB147862BE00497EC9 /* Resources */,
			);
			buildRules = (
			);
			dependencies = (
			);
			name = iphone;
			productName = iphone;
			productReference = 58122DBD147862BE00497EC9 /* iphone.app */;
			productType = "com.apple.product-type.application";
		};
		58122DDD147862BE00497EC9 /* iphoneTests */ = {
			isa = PBXNativeTarget;
			buildConfigurationList = 58122DF3147862BF00497EC9 /* Build configuration list for PBXNativeTarget "iphoneTests" */;
			buildPhases = (
				58122DD9147862BE00497EC9 /* Sources */,
				58122DDA147862BE00497EC9 /* Frameworks */,
				58122DDB147862BE00497EC9 /* Resources */,
				58122DDC147862BE00497EC9 /* ShellScript */,
			);
			buildRules = (
			);
			dependencies = (
				58122DE4147862BF00497EC9 /* PBXTargetDependency */,
			);
			name = iphoneTests;
			productName = iphoneTests;
			productReference = 58122DDE147862BE00497EC9 /* iphoneTests.octest */;
			productType = "com.apple.product-type.bundle";
		};
/* End PBXNativeTarget section */

/* Begin PBXProject section */
		58122DB4147862BE00497EC9 /* Project object */ = {
			isa = PBXProject;
			attributes = {
				LastUpgradeCheck = 0420;
				ORGANIZATIONNAME = "University of Alberta";
			};
			buildConfigurationList = 58122DB7147862BE00497EC9 /* Build configuration list for PBXProject "iphone" */;
			compatibilityVersion = "Xcode 3.2";
			developmentRegion = English;
			hasScannedForEncodings = 0;
			knownRegions = (
				en,
			);
			mainGroup = 58122DB2147862BE00497EC9;
			productRefGroup = 58122DBE147862BE00497EC9 /* Products */;
			projectDirPath = "";
			projectRoot = "";
			targets = (
				58122DBC147862BE00497EC9 /* iphone */,
				58122DDD147862BE00497EC9 /* iphoneTests */,
			);
		};
/* End PBXProject section */

/* Begin PBXResourcesBuildPhase section */
		58122DBB147862BE00497EC9 /* Resources */ = {
			isa = PBXResourcesBuildPhase;
			buildActionMask = 2147483647;
			files = (
				58122DCC147862BE00497EC9 /* InfoPlist.strings in Resources */,
				58122DD8147862BE00497EC9 /* ViewController.xib in Resources */,
			);
			runOnlyForDeploymentPostprocessing = 0;
		};
		58122DDB147862BE00497EC9 /* Resources */ = {
			isa = PBXResourcesBuildPhase;
			buildActionMask = 2147483647;
			files = (
				58122DEA147862BF00497EC9 /* InfoPlist.strings in Resources */,
			);
			runOnlyForDeploymentPostprocessing = 0;
		};
/* End PBXResourcesBuildPhase section */

/* Begin PBXShellScriptBuildPhase section */
		58122DDC147862BE00497EC9 /* ShellScript */ = {
			isa = PBXShellScriptBuildPhase;
			buildActionMask = 2147483647;
			files = (
			);
			inputPaths = (
			);
			outputPaths = (
			);
			runOnlyForDeploymentPostprocessing = 0;
			shellPath = /bin/sh;
			shellScript = "# Run the unit tests in this test bundle.\n\"${SYSTEM_DEVELOPER_DIR}/Tools/RunUnitTests\"\n";
		};
/* End PBXShellScriptBuildPhase section */

/* Begin PBXSourcesBuildPhase section */
		58122DB9147862BE00497EC9 /* Sources */ = {
			isa = PBXSourcesBuildPhase;
			buildActionMask = 2147483647;
			files = (
				58122DCE147862BE00497EC9 /* main.m in Sources */,
				58122DD2147862BE00497EC9 /* AppDelegate.m in Sources */,
				58122DD5147862BE00497EC9 /* ViewController.m in Sources */,
			);
			runOnlyForDeploymentPostprocessing = 0;
		};
		58122DD9147862BE00497EC9 /* Sources */ = {
			isa = PBXSourcesBuildPhase;
			buildActionMask = 2147483647;
			files = (
				58122DED147862BF00497EC9 /* iphoneTests.m in Sources */,
			);
			runOnlyForDeploymentPostprocessing = 0;
		};
/* End PBXSourcesBuildPhase section */

/* Begin PBXTargetDependency section */
		58122DE4147862BF00497EC9 /* PBXTargetDependency */ = {
			isa = PBXTargetDependency;
			target = 58122DBC147862BE00497EC9 /* iphone */;
			targetProxy = 58122DE3147862BF00497EC9 /* PBXContainerItemProxy */;
		};
/* End PBXTargetDependency section */

/* Begin PBXVariantGroup section */
		58122DCA147862BE00497EC9 /* InfoPlist.strings */ = {
			isa = PBXVariantGroup;
			children = (
				58122DCB147862BE00497EC9 /* en */,
			);
			name = InfoPlist.strings;
			sourceTree = "<group>";
		};
		58122DD6147862BE00497EC9 /* ViewController.xib */ = {
			isa = PBXVariantGroup;
			children = (
				58122DD7147862BE00497EC9 /* en */,
			);
			name = ViewController.xib;
			sourceTree = "<group>";
		};
		58122DE8147862BF00497EC9 /* InfoPlist.strings */ = {
			isa = PBXVariantGroup;
			children = (
				58122DE9147862BF00497EC9 /* en */,
			);
			name = InfoPlist.strings;
			sourceTree = "<group>";
		};
/* End PBXVariantGroup section */

/* Begin XCBuildConfiguration section */
		58122DEE147862BF00497EC9 /* Debug */ = {
			isa = XCBuildConfiguration;
			buildSettings = {
				ALWAYS_SEARCH_USER_PATHS = NO;
				ARCHS = "$(ARCHS_STANDARD_32_BIT)";
				CLANG_ENABLE_OBJC_ARC = YES;
				"CODE_SIGN_IDENTITY[sdk=iphoneos*]" = "iPhone Developer";
				COPY_PHASE_STRIP = NO;
				GCC_C_LANGUAGE_STANDARD = gnu99;
				GCC_DYNAMIC_NO_PIC = NO;
				GCC_OPTIMIZATION_LEVEL = 0;
				GCC_PREPROCESSOR_DEFINITIONS = (
					"DEBUG=1",
					"$(inherited)",
				);
				GCC_SYMBOLS_PRIVATE_EXTERN = NO;
				GCC_VERSION = com.apple.compilers.llvm.clang.1_0;
				GCC_WARN_ABOUT_MISSING_PROTOTYPES = YES;
				GCC_WARN_ABOUT_RETURN_TYPE = YES;
				GCC_WARN_UNUSED_VARIABLE = YES;
				IPHONEOS_DEPLOYMENT_TARGET = 5.0;
				SDKROOT = iphoneos;
			};
			name = Debug;
		};
		58122DEF147862BF00497EC9 /* Release */ = {
			isa = XCBuildConfiguration;
			buildSettings = {
				ALWAYS_SEARCH_USER_PATHS = NO;
				ARCHS = "$(ARCHS_STANDARD_32_BIT)";
				CLANG_ENABLE_OBJC_ARC = YES;
				"CODE_SIGN_IDENTITY[sdk=iphoneos*]" = "iPhone Developer";
				COPY_PHASE_STRIP = YES;
				GCC_C_LANGUAGE_STANDARD = gnu99;
				GCC_VERSION = com.apple.compilers.llvm.clang.1_0;
				GCC_WARN_ABOUT_MISSING_PROTOTYPES = YES;
				GCC_WARN_ABOUT_RETURN_TYPE = YES;
				GCC_WARN_UNUSED_VARIABLE = YES;
				IPHONEOS_DEPLOYMENT_TARGET = 5.0;
				OTHER_CFLAGS = "-DNS_BLOCK_ASSERTIONS=1";
				SDKROOT = iphoneos;
				VALIDATE_PRODUCT = YES;
			};
			name = Release;
		};
		58122DF1147862BF00497EC9 /* Debug */ = {
			isa = XCBuildConfiguration;
			buildSettings = {
				GCC_PRECOMPILE_PREFIX_HEADER = YES;
				GCC_PREFIX_HEADER = "iphone/iphone-Prefix.pch";
				INFOPLIST_FILE = "iphone/iphone-Info.plist";
				PRODUCT_NAME = "$(TARGET_NAME)";
				WRAPPER_EXTENSION = app;
			};
			name = Debug;
		};
		58122DF2147862BF00497EC9 /* Release */ = {
			isa = XCBuildConfiguration;
			buildSettings = {
				GCC_PRECOMPILE_PREFIX_HEADER = YES;
				GCC_PREFIX_HEADER = "iphone/iphone-Prefix.pch";
				INFOPLIST_FILE = "iphone/iphone-Info.plist";
				PRODUCT_NAME = "$(TARGET_NAME)";
				WRAPPER_EXTENSION = app;
			};
			name = Release;
		};
		58122DF4147862BF00497EC9 /* Debug */ = {
			isa = XCBuildConfiguration;
			buildSettings = {
				BUNDLE_LOADER = "$(BUILT_PRODUCTS_DIR)/iphone.app/iphone";
				FRAMEWORK_SEARCH_PATHS = (
					"$(SDKROOT)/Developer/Library/Frameworks",
					"$(DEVELOPER_LIBRARY_DIR)/Frameworks",
				);
				GCC_PRECOMPILE_PREFIX_HEADER = YES;
				GCC_PREFIX_HEADER = "iphone/iphone-Prefix.pch";
				INFOPLIST_FILE = "iphoneTests/iphoneTests-Info.plist";
				PRODUCT_NAME = "$(TARGET_NAME)";
				TEST_HOST = "$(BUNDLE_LOADER)";
				WRAPPER_EXTENSION = octest;
			};
			name = Debug;
		};
		58122DF5147862BF00497EC9 /* Release */ = {
			isa = XCBuildConfiguration;
			buildSettings = {
				BUNDLE_LOADER = "$(BUILT_PRODUCTS_DIR)/iphone.app/iphone";
				FRAMEWORK_SEARCH_PATHS = (
					"$(SDKROOT)/Developer/Library/Frameworks",
					"$(DEVELOPER_LIBRARY_DIR)/Frameworks",
				);
				GCC_PRECOMPILE_PREFIX_HEADER = YES;
				GCC_PREFIX_HEADER = "iphone/iphone-Prefix.pch";
				INFOPLIST_FILE = "iphoneTests/iphoneTests-Info.plist";
				PRODUCT_NAME = "$(TARGET_NAME)";
				TEST_HOST = "$(BUNDLE_LOADER)";
				WRAPPER_EXTENSION = octest;
			};
			name = Release;
		};
/* End XCBuildConfiguration section */

/* Begin XCConfigurationList section */
		58122DB7147862BE00497EC9 /* Build configuration list for PBXProject "iphone" */ = {
			isa = XCConfigurationList;
			buildConfigurations = (
				58122DEE147862BF00497EC9 /* Debug */,
				58122DEF147862BF00497EC9 /* Release */,
			);
			defaultConfigurationIsVisible = 0;
			defaultConfigurationName = Release;
		};
		58122DF0147862BF00497EC9 /* Build configuration list for PBXNativeTarget "iphone" */ = {
			isa = XCConfigurationList;
			buildConfigurations = (
				58122DF1147862BF00497EC9 /* Debug */,
				58122DF2147862BF00497EC9 /* Release */,
			);
			defaultConfigurationIsVisible = 0;
		};
		58122DF3147862BF00497EC9 /* Build configuration list for PBXNativeTarget "iphoneTests" */ = {
			isa = XCConfigurationList;
			buildConfigurations = (
				58122DF4147862BF00497EC9 /* Debug */,
				58122DF5147862BF00497EC9 /* Release */,
			);
			defaultConfigurationIsVisible = 0;
		};
/* End XCConfigurationList section */
	};
	rootObject = 58122DB4147862BE00497EC9 /* Project object */;
}
